
Microsoft Visual Studio Solution File, Format Version 12.00
# Visual Studio Version 16
VisualStudioVersion = 16.0.30711.63
MinimumVisualStudioVersion = 10.0.40219.1
Project("{FAE04EC0-301F-11D3-BF4B-00C04F79EFBC}") = "Practica2", "Practica2\Practica2.csproj", "{1B682EDF-0354-431B-81BC-8F91E25C4A3B}"
EndProject
Global
	GlobalSection(SolutionConfigurationPlatforms) = preSolution
		Debug|Any CPU = Debug|Any CPU
		Release|Any CPU = Release|Any CPU
	EndGlobalSection
	GlobalSection(ProjectConfigurationPlatforms) = postSolution
		{1B682EDF-0354-431B-81BC-8F91E25C4A3B}.Debug|Any CPU.ActiveCfg = Debug|Any CPU
		{1B682EDF-0354-431B-81BC-8F91E25C4A3B}.Debug|Any CPU.Build.0 = Debug|Any CPU
		{1B682EDF-0354-431B-81BC-8F91E25C4A3B}.Release|Any CPU.ActiveCfg = Release|Any CPU
		{1B682EDF-0354-431B-81BC-8F91E25C4A3B}.Release|Any CPU.Build.0 = Release|Any CPU
	EndGlobalSection
	GlobalSection(SolutionProperties) = preSolution
		HideSolutionNode = FALSE
	EndGlobalSection
	GlobalSection(ExtensibilityGlobals) = postSolution
		SolutionGuid = {91FABFC8-057D-4812-A7B4-1717203DA355}
	EndGlobalSection
EndGlobal
